
Microsoft Visual Studio Solution File, Format Version 12.00
# Visual Studio Version 17
VisualStudioVersion = 17.3.32922.545
MinimumVisualStudioVersion = 10.0.40219.1
Project("{FAE04EC0-301F-11D3-BF4B-00C04F79EFBC}") = "calculator", "calculator\calculator.csproj", "{16A06A3C-EA8E-4AA0-A9A4-EB33A0192594}"
EndProject
Global
	GlobalSection(SolutionConfigurationPlatforms) = preSolution
		Debug|Any CPU = Debug|Any CPU
		Release|Any CPU = Release|Any CPU
	EndGlobalSection
	GlobalSection(ProjectConfigurationPlatforms) = postSolution
		{16A06A3C-EA8E-4AA0-A9A4-EB33A0192594}.Debug|Any CPU.ActiveCfg = Debug|Any CPU
		{16A06A3C-EA8E-4AA0-A9A4-EB33A0192594}.Debug|Any CPU.Build.0 = Debug|Any CPU
		{16A06A3C-EA8E-4AA0-A9A4-EB33A0192594}.Release|Any CPU.ActiveCfg = Release|Any CPU
		{16A06A3C-EA8E-4AA0-A9A4-EB33A0192594}.Release|Any CPU.Build.0 = Release|Any CPU
	EndGlobalSection
	GlobalSection(SolutionProperties) = preSolution
		HideSolutionNode = FALSE
	EndGlobalSection
	GlobalSection(ExtensibilityGlobals) = postSolution
		SolutionGuid = {C6E44A3E-D407-4D0C-B9EA-210423B411F0}
	EndGlobalSection
EndGlobal
